{
  "nodes": {
    "cachix-src": {
      "locked": {
        "lastModified": 1664013959,
        "narHash": "sha256-ImI1EOZCJ9f6avS+0MY+ITYwrIzvy2B0hPfeKCdCZxo=",
        "owner": "cachix",
        "repo": "cachix",
        "rev": "3abb69595aa30b774b821efade3cb34da302440e",
        "type": "github"
      },
      "original": {
        "owner": "cachix",
        "ref": "v1.0.1",
        "repo": "cachix",
        "type": "github"
      }
    },
    "comma": {
      "inputs": {
        "flake-compat": "flake-compat",
        "naersk": "naersk",
        "nixpkgs": "nixpkgs",
        "utils": "utils"
      },
      "locked": {
        "lastModified": 1694469372,
        "narHash": "sha256-cgBpiixX562pyAaXzWgDWxxZnV1a+D3N9qjqb9Dt1no=",
        "owner": "nix-community",
        "repo": "comma",
        "rev": "4c06de761a390f57fdf98fb0461e3089ec5c1a8a",
        "type": "github"
      },
      "original": {
        "owner": "nix-community",
        "ref": "master",
        "repo": "comma",
        "type": "github"
      }
    },
    "darwin": {
      "inputs": {
        "nixpkgs": [
          "nixpkgs"
        ]
      },
      "locked": {
        "lastModified": 1665392861,
        "narHash": "sha256-bCd8fYJMAb0LzabsiXl4nxECDoz483bJOCa2hjox7N0=",
        "owner": "lnl7",
        "repo": "nix-darwin",
        "rev": "ef56fd8979b5f4e800c4716f62076e00600b1172",
        "type": "github"
      },
      "original": {
        "owner": "lnl7",
        "ref": "master",
        "repo": "nix-darwin",
        "type": "github"
      }
    },
    "dev": {
      "inputs": {
        "flake-utils": "flake-utils_5",
        "nix": "nix",
        "nixpkgs": "nixpkgs_7"
      },
      "locked": {
        "lastModified": 1668181112,
        "narHash": "sha256-b/hrNkzk/AKjchY6a0e457AEbwNtqn6FDkQO3xS5mNI=",
        "owner": "uthar",
        "repo": "dev",
        "rev": "fd373263287e955d7d21e157513b51c53686fd99",
        "type": "github"
      },
      "original": {
        "owner": "uthar",
        "repo": "dev",
        "type": "github"
      }
    },
    "emacsOverlay": {
      "inputs": {
        "flake-utils": "flake-utils",
        "nixpkgs": "nixpkgs_2",
        "nixpkgs-stable": "nixpkgs-stable"
      },
      "locked": {
        "lastModified": 1701138153,
        "narHash": "sha256-nU+DGAbU4Rm0vAHiNH2a2eJSQfn198ON39mt3k/uMYc=",
        "owner": "nix-community",
        "repo": "emacs-overlay",
        "rev": "87af8a9faf5cfbbd25795d9fe7574808bef46870",
        "type": "github"
      },
      "original": {
        "owner": "nix-community",
        "ref": "master",
        "repo": "emacs-overlay",
        "type": "github"
      }
    },
    "flake-compat": {
      "flake": false,
      "locked": {
        "lastModified": 1673956053,
        "narHash": "sha256-4gtG9iQuiKITOjNQQeQIpoIB6b16fm+504Ch3sNKLd8=",
        "owner": "edolstra",
        "repo": "flake-compat",
        "rev": "35bb57c0c8d8b62bbfd284272c928ceb64ddbde9",
        "type": "github"
      },
      "original": {
        "owner": "edolstra",
        "repo": "flake-compat",
        "type": "github"
      }
    },
    "flake-compat_2": {
      "flake": false,
      "locked": {
        "lastModified": 1650374568,
        "narHash": "sha256-Z+s0J8/r907g149rllvwhb4pKi8Wam5ij0st8PwAh+E=",
        "owner": "edolstra",
        "repo": "flake-compat",
        "rev": "b4a34015c698c7793d592d66adbab377907a2be8",
        "type": "github"
      },
      "original": {
        "owner": "edolstra",
        "repo": "flake-compat",
        "type": "github"
      }
    },
    "flake-compat_3": {
      "flake": false,
      "locked": {
        "lastModified": 1641205782,
        "narHash": "sha256-4jY7RCWUoZ9cKD8co0/4tFARpWB+57+r1bLLvXNJliY=",
        "owner": "edolstra",
        "repo": "flake-compat",
        "rev": "b7547d3eed6f32d06102ead8991ec52ab0a4f1a7",
        "type": "github"
      },
      "original": {
        "owner": "edolstra",
        "repo": "flake-compat",
        "type": "github"
      }
    },
    "flake-utils": {
      "inputs": {
        "systems": "systems_2"
      },
      "locked": {
        "lastModified": 1694529238,
        "narHash": "sha256-zsNZZGTGnMOf9YpHKJqMSsa0dXbfmxeoJ7xHlrt+xmY=",
        "owner": "numtide",
        "repo": "flake-utils",
        "rev": "ff7b65b44d01cf9ba6a71320833626af21126384",
        "type": "github"
      },
      "original": {
        "owner": "numtide",
        "repo": "flake-utils",
        "type": "github"
      }
    },
    "flake-utils_2": {
      "inputs": {
        "systems": "systems_3"
      },
      "locked": {
        "lastModified": 1681202837,
        "narHash": "sha256-H+Rh19JDwRtpVPAWp64F+rlEtxUWBAQW28eAi3SRSzg=",
        "owner": "numtide",
        "repo": "flake-utils",
        "rev": "cfacdce06f30d2b68473a46042957675eebb3401",
        "type": "github"
      },
      "original": {
        "owner": "numtide",
        "repo": "flake-utils",
        "type": "github"
      }
    },
    "flake-utils_3": {
      "locked": {
        "lastModified": 1667077288,
        "narHash": "sha256-bdC8sFNDpT0HK74u9fUkpbf1MEzVYJ+ka7NXCdgBoaA=",
        "owner": "numtide",
        "repo": "flake-utils",
        "rev": "6ee9ebb6b1ee695d2cacc4faa053a7b9baa76817",
        "type": "github"
      },
      "original": {
        "owner": "numtide",
        "repo": "flake-utils",
        "type": "github"
      }
    },
    "flake-utils_4": {
      "locked": {
        "lastModified": 1659877975,
        "narHash": "sha256-zllb8aq3YO3h8B/U0/J1WBgAL8EX5yWf5pMj3G0NAmc=",
        "owner": "numtide",
        "repo": "flake-utils",
        "rev": "c0e246b9b83f637f4681389ecabcb2681b4f3af0",
        "type": "github"
      },
      "original": {
        "owner": "numtide",
        "repo": "flake-utils",
        "type": "github"
      }
    },
    "flake-utils_5": {
      "locked": {
        "lastModified": 1667395993,
        "narHash": "sha256-nuEHfE/LcWyuSWnS8t12N1wc105Qtau+/OdUAjtQ0rA=",
        "owner": "numtide",
        "repo": "flake-utils",
        "rev": "5aed5285a952e0b949eb3ba02c12fa4fcfef535f",
        "type": "github"
      },
      "original": {
        "id": "flake-utils",
        "type": "indirect"
      }
    },
    "flake-utils_6": {
      "locked": {
        "lastModified": 1667395993,
        "narHash": "sha256-nuEHfE/LcWyuSWnS8t12N1wc105Qtau+/OdUAjtQ0rA=",
        "owner": "numtide",
        "repo": "flake-utils",
        "rev": "5aed5285a952e0b949eb3ba02c12fa4fcfef535f",
        "type": "github"
      },
      "original": {
        "id": "flake-utils",
        "type": "indirect"
      }
    },
    "goodbyeAds": {
      "flake": false,
      "locked": {
        "lastModified": 1687798815,
        "narHash": "sha256-XIhPUA4ILwavvgQRIvOhVyvh0nK1tfEPZsIlApZo10E=",
        "owner": "jerryn70",
        "repo": "GoodbyeAds",
        "rev": "b3e2a5f8866c44a8376600c2d52301b1ae273a69",
        "type": "github"
      },
      "original": {
        "owner": "jerryn70",
        "ref": "master",
        "repo": "GoodbyeAds",
        "type": "github"
      }
    },
    "homeManager": {
      "inputs": {
        "nixpkgs": [
          "nixpkgs"
        ]
      },
      "locked": {
        "lastModified": 1701071203,
        "narHash": "sha256-lQywA7QU/vzTdZ1apI0PfgCWNyQobXUYghVrR5zuIeM=",
        "owner": "nix-community",
        "repo": "home-manager",
        "rev": "db1878f013b52ba5e4034db7c1b63e8d04173a86",
        "type": "github"
      },
      "original": {
        "owner": "nix-community",
        "ref": "master",
        "repo": "home-manager",
        "type": "github"
      }
    },
    "impermanence": {
      "locked": {
        "lastModified": 1661933071,
        "narHash": "sha256-RFgfzldpbCvS+H2qwH+EvNejvqs+NhPVD5j1I7HQQPY=",
        "owner": "nix-community",
        "repo": "impermanence",
        "rev": "def994adbdfc28974e87b0e4c949e776207d5557",
        "type": "github"
      },
      "original": {
        "owner": "nix-community",
        "repo": "impermanence",
        "type": "github"
      }
    },
    "juspay-config": {
      "inputs": {
        "cachix-src": "cachix-src",
        "flake-utils": "flake-utils_3",
        "nixpkgs": "nixpkgs_3"
      },
      "locked": {
        "lastModified": 1665575642,
        "narHash": "sha256-oVFyQAyqJ55Hxc4UH9wTEU4l6F+I9LGt2FcVSdoeNnA=",
        "ref": "refs/heads/main",
        "rev": "4f53f4a50f5e10e4fc3d084ac42e2a99bc048eb7",
        "revCount": 2,
        "type": "git",
        "url": "ssh://git@bitbucket.org/juspay/pauls-work-config.git"
      },
      "original": {
        "type": "git",
        "url": "ssh://git@bitbucket.org/juspay/pauls-work-config.git"
      }
    },
    "k-git": {
      "flake": false,
      "locked": {
        "lastModified": 1678885440,
        "narHash": "sha256-ys37sc8jdKZOB2XFPoKQGDcHAvE5juHe5tkdPwo1WGY=",
        "ref": "refs/heads/master",
        "rev": "72bb834b7ab9c123463f034cdcedda0820e3549b",
        "revCount": 3680,
        "type": "git",
        "url": "https://codeberg.org/ngn/k.git"
      },
      "original": {
        "type": "git",
        "url": "https://codeberg.org/ngn/k.git"
      }
    },
    "kmonad": {
      "inputs": {
        "nixpkgs": "nixpkgs_4"
      },
      "locked": {
        "dir": "nix",
        "lastModified": 1687153676,
        "narHash": "sha256-Q0VJWVBxmmKe55V7Lb+oqoOWWr5vhB46kEzU7v4jVD8=",
        "owner": "kmonad",
        "repo": "kmonad",
        "rev": "2c658f6fddca39686a5448a0207a4aba215f3be5",
        "type": "github"
      },
      "original": {
        "dir": "nix",
        "owner": "kmonad",
        "ref": "master",
        "repo": "kmonad",
        "type": "github"
      }
    },
    "lowdown-src": {
      "flake": false,
      "locked": {
        "lastModified": 1633514407,
        "narHash": "sha256-Dw32tiMjdK9t3ETl5fzGrutQTzh2rufgZV4A/BbxuD4=",
        "owner": "kristapsdz",
        "repo": "lowdown",
        "rev": "d2c2b44ff6c27b936ec27358a2653caaef8f73b8",
        "type": "github"
      },
      "original": {
        "owner": "kristapsdz",
        "repo": "lowdown",
        "type": "github"
      }
    },
    "mozilla": {
      "locked": {
        "lastModified": 1664789696,
        "narHash": "sha256-UGWJHQShiwLCr4/DysMVFrYdYYHcOqAOVsWNUu+l6YU=",
        "owner": "mozilla",
        "repo": "nixpkgs-mozilla",
        "rev": "80627b282705101e7b38e19ca6e8df105031b072",
        "type": "github"
      },
      "original": {
        "owner": "mozilla",
        "repo": "nixpkgs-mozilla",
        "type": "github"
      }
    },
    "naersk": {
      "inputs": {
        "nixpkgs": [
          "comma",
          "nixpkgs"
        ]
      },
      "locked": {
        "lastModified": 1688534083,
        "narHash": "sha256-/bI5vsioXscQTsx+Hk9X5HfweeNZz/6kVKsbdqfwW7g=",
        "owner": "nix-community",
        "repo": "naersk",
        "rev": "abca1fb7a6cfdd355231fc220c3d0302dbb4369a",
        "type": "github"
      },
      "original": {
        "owner": "nix-community",
        "ref": "master",
        "repo": "naersk",
        "type": "github"
      }
    },
    "neovim": {
      "inputs": {
        "flake-compat": "flake-compat_2",
        "neovim-flake": "neovim-flake",
        "nixpkgs": "nixpkgs_5"
      },
      "locked": {
        "lastModified": 1665735739,
        "narHash": "sha256-kYtkOOEuWk6d3cb+Hf38rZFHxbTfui/9QprkEsBoDC4=",
        "owner": "nix-community",
        "repo": "neovim-nightly-overlay",
        "rev": "a992e0d9ecd5e4809f11cacd18a42bc1c16e4b11",
        "type": "github"
      },
      "original": {
        "owner": "nix-community",
        "repo": "neovim-nightly-overlay",
        "type": "github"
      }
    },
    "neovim-flake": {
      "inputs": {
        "flake-utils": "flake-utils_4",
        "nixpkgs": [
          "neovim",
          "nixpkgs"
        ]
      },
      "locked": {
        "dir": "contrib",
        "lastModified": 1665711385,
        "narHash": "sha256-gvBQq4WLPLxaRny8LMM2eymTOCDjYOLhlSy3DaH38Sg=",
        "owner": "neovim",
        "repo": "neovim",
        "rev": "d339b4aad7461937e1e03ac0836b2eb1354ff442",
        "type": "github"
      },
      "original": {
        "dir": "contrib",
        "owner": "neovim",
        "repo": "neovim",
        "type": "github"
      }
    },
    "ngnk": {
      "inputs": {
        "flake-compat": "flake-compat_3",
        "flake-utils": [
          "flake-utils"
        ],
        "k-git": "k-git",
        "nixpkgs": [
          "nixpkgs"
        ]
      },
      "locked": {
        "lastModified": 1680221280,
        "narHash": "sha256-RON+NE46GgMRyVdaSOj/y89XB/h7d62L4lRgHy6FYFE=",
        "owner": "nathyong",
        "repo": "ngnk-nix",
        "rev": "95a301894b36559265ccdbb23cfc5a7d8e3bcdd7",
        "type": "github"
      },
      "original": {
        "owner": "nathyong",
        "repo": "ngnk-nix",
        "type": "github"
      }
    },
    "nix": {
      "inputs": {
        "lowdown-src": "lowdown-src",
        "nixpkgs": "nixpkgs_6",
        "nixpkgs-regression": "nixpkgs-regression"
      },
      "locked": {
        "lastModified": 1663254620,
        "narHash": "sha256-qCV65kw09AG+EkdchDPq7RoeBznX0Q6Qa4yzPqobdOk=",
        "owner": "NixOS",
        "repo": "nix",
        "rev": "eb9ce5f27bd83afff63f151406b497eab6e90a1a",
        "type": "github"
      },
      "original": {
        "id": "nix",
        "ref": "2.11.1",
        "type": "indirect"
      }
    },
    "nix-cl": {
      "inputs": {
        "dev": "dev",
        "flake-utils": "flake-utils_6"
      },
      "locked": {
        "lastModified": 1677788355,
        "narHash": "sha256-gfhy97AttBD1YGULkIMC7z0iakdgPek+gIGnK9/jWtQ=",
        "owner": "Uthar",
        "repo": "nix-cl",
        "rev": "a26b5b3e6d41803769ebd68011e03e199079ff6c",
        "type": "github"
      },
      "original": {
        "owner": "Uthar",
        "ref": "master",
        "repo": "nix-cl",
        "type": "github"
      }
    },
    "nix-index-database": {
      "inputs": {
        "nixpkgs": [
          "nixpkgs"
        ]
      },
      "locked": {
        "lastModified": 1694921880,
        "narHash": "sha256-yU36cs5UdzhTwsM9bUWUz43N//ELzQ1ro69C07pU/8E=",
        "owner": "Mic92",
        "repo": "nix-index-database",
        "rev": "9d2bcc47110b3b6217dfebd6761ba20bc78aedf2",
        "type": "github"
      },
      "original": {
        "owner": "Mic92",
        "repo": "nix-index-database",
        "type": "github"
      }
    },
    "nixlib": {
      "locked": {
        "lastModified": 1681001314,
        "narHash": "sha256-5sDnCLdrKZqxLPK4KA8+f4A3YKO/u6ElpMILvX0g72c=",
        "owner": "nix-community",
        "repo": "nixpkgs.lib",
        "rev": "367c0e1086a4eb4502b24d872cea2c7acdd557f4",
        "type": "github"
      },
      "original": {
        "owner": "nix-community",
        "repo": "nixpkgs.lib",
        "type": "github"
      }
    },
    "nixos-generators": {
      "inputs": {
        "nixlib": "nixlib",
        "nixpkgs": "nixpkgs_8"
      },
      "locked": {
        "lastModified": 1682946851,
        "narHash": "sha256-YoEtcS8oRurXdrYW1ceF3LaqBeJDp33+NqyqsQAh96c=",
        "owner": "nix-community",
        "repo": "nixos-generators",
        "rev": "8e981bbc0f146e87ac5e8cc98a84dd6702648adb",
        "type": "github"
      },
      "original": {
        "owner": "nix-community",
        "repo": "nixos-generators",
        "type": "github"
      }
    },
    "nixpkgs": {
      "locked": {
        "lastModified": 1689321787,
        "narHash": "sha256-ifk7hrfWnJaLlcjCf8YaWDR+9kQ0uT3x9eCz31D9qB0=",
        "owner": "NixOS",
        "repo": "nixpkgs",
        "rev": "c11464c6625d9a71d91a3718a3567394638efc3e",
        "type": "github"
      },
      "original": {
        "owner": "NixOS",
        "ref": "nixpkgs-unstable",
        "repo": "nixpkgs",
        "type": "github"
      }
    },
    "nixpkgs-22_05": {
      "locked": {
        "lastModified": 1665279158,
        "narHash": "sha256-TpbWNzoJ5RaZ302dzvjY2o//WxtOJuYT3CnDj5N69Hs=",
        "owner": "NixOS",
        "repo": "nixpkgs",
        "rev": "b3783bcfb8ec54e0de26feccfc6cc36b8e202ed5",
        "type": "github"
      },
      "original": {
        "owner": "NixOS",
        "ref": "release-22.05",
        "repo": "nixpkgs",
        "type": "github"
      }
    },
    "nixpkgs-regression": {
      "locked": {
        "lastModified": 1643052045,
        "narHash": "sha256-uGJ0VXIhWKGXxkeNnq4TvV3CIOkUJ3PAoLZ3HMzNVMw=",
        "owner": "NixOS",
        "repo": "nixpkgs",
        "rev": "215d4d0fd80ca5163643b03a33fde804a29cc1e2",
        "type": "github"
      },
      "original": {
        "owner": "NixOS",
        "repo": "nixpkgs",
        "rev": "215d4d0fd80ca5163643b03a33fde804a29cc1e2",
        "type": "github"
      }
    },
    "nixpkgs-stable": {
      "locked": {
        "lastModified": 1700989516,
        "narHash": "sha256-oKbmPa2wpTHh9XB3+zIx97uMZGNnp97GPliKKG2/plo=",
        "owner": "NixOS",
        "repo": "nixpkgs",
        "rev": "d2e4de209881b38392933fabf303cde3454b0b4c",
        "type": "github"
      },
      "original": {
        "owner": "NixOS",
        "ref": "nixos-23.05",
        "repo": "nixpkgs",
        "type": "github"
      }
    },
    "nixpkgs_10": {
      "locked": {
        "lastModified": 1677655566,
        "narHash": "sha256-I8G8Lmpp3YduYl4+pkiIJFGT1WKw+8ZMH2QwANkTu2U=",
        "owner": "NixOS",
        "repo": "nixpkgs",
        "rev": "ae8bdd2de4c23b239b5a771501641d2ef5e027d0",
        "type": "github"
      },
      "original": {
        "owner": "NixOS",
        "ref": "nixpkgs-unstable",
        "repo": "nixpkgs",
        "type": "github"
      }
    },
    "nixpkgs_2": {
      "locked": {
        "lastModified": 1700794826,
        "narHash": "sha256-RyJTnTNKhO0yqRpDISk03I/4A67/dp96YRxc86YOPgU=",
        "owner": "NixOS",
        "repo": "nixpkgs",
        "rev": "5a09cb4b393d58f9ed0d9ca1555016a8543c2ac8",
        "type": "github"
      },
      "original": {
        "owner": "NixOS",
        "ref": "nixos-unstable",
        "repo": "nixpkgs",
        "type": "github"
      }
    },
    "nixpkgs_3": {
      "locked": {
        "lastModified": 1667231093,
        "narHash": "sha256-RERXruzBEBuf0c7OfZeX1hxEKB+PTCUNxWeB6C1jd8Y=",
        "owner": "NixOS",
        "repo": "nixpkgs",
        "rev": "d40fea9aeb8840fea0d377baa4b38e39b9582458",
        "type": "github"
      },
      "original": {
        "owner": "NixOS",
        "ref": "nixos-unstable",
        "repo": "nixpkgs",
        "type": "github"
      }
    },
    "nixpkgs_4": {
      "locked": {
        "lastModified": 1653326962,
        "narHash": "sha256-W8feCYqKTsMre4nAEpv5Kx1PVFC+hao/LwqtB2Wci/8=",
        "owner": "NixOS",
        "repo": "nixpkgs",
        "rev": "41cc1d5d9584103be4108c1815c350e07c807036",
        "type": "github"
      },
      "original": {
        "owner": "NixOS",
        "ref": "nixpkgs-unstable",
        "repo": "nixpkgs",
        "type": "github"
      }
    },
    "nixpkgs_5": {
      "locked": {
        "lastModified": 1677655566,
        "narHash": "sha256-I8G8Lmpp3YduYl4+pkiIJFGT1WKw+8ZMH2QwANkTu2U=",
        "owner": "nixos",
        "repo": "nixpkgs",
        "rev": "ae8bdd2de4c23b239b5a771501641d2ef5e027d0",
        "type": "github"
      },
      "original": {
        "owner": "nixos",
        "ref": "nixpkgs-unstable",
        "repo": "nixpkgs",
        "type": "github"
      }
    },
    "nixpkgs_6": {
      "locked": {
        "lastModified": 1657693803,
        "narHash": "sha256-G++2CJ9u0E7NNTAi9n5G8TdDmGJXcIjkJ3NF8cetQB8=",
        "owner": "NixOS",
        "repo": "nixpkgs",
        "rev": "365e1b3a859281cf11b94f87231adeabbdd878a2",
        "type": "github"
      },
      "original": {
        "owner": "NixOS",
        "ref": "nixos-22.05-small",
        "repo": "nixpkgs",
        "type": "github"
      }
    },
    "nixpkgs_7": {
      "locked": {
        "lastModified": 1668086072,
        "narHash": "sha256-msFoXI5ThCmhTTqgl27hpCXWhaeqxphBaleJAgD8JYM=",
        "owner": "NixOS",
        "repo": "nixpkgs",
        "rev": "72d8853228c9758820c39b8659415b6d89279493",
        "type": "github"
      },
      "original": {
        "id": "nixpkgs",
        "type": "indirect"
      }
    },
    "nixpkgs_8": {
      "locked": {
        "lastModified": 1682870734,
        "narHash": "sha256-ayiQmqrPzpJluUrioITK/GI5+07eijoJkysvmQOwVPA=",
        "owner": "NixOS",
        "repo": "nixpkgs",
        "rev": "3056e9c39564559985ed9ed514f4789fb93a00ce",
        "type": "github"
      },
      "original": {
        "owner": "NixOS",
        "ref": "nixpkgs-unstable",
        "repo": "nixpkgs",
        "type": "github"
      }
    },
    "nixpkgs_9": {
      "locked": {
        "lastModified": 1700794826,
        "narHash": "sha256-RyJTnTNKhO0yqRpDISk03I/4A67/dp96YRxc86YOPgU=",
        "owner": "NixOS",
        "repo": "nixpkgs",
        "rev": "5a09cb4b393d58f9ed0d9ca1555016a8543c2ac8",
        "type": "github"
      },
      "original": {
        "owner": "NixOS",
        "ref": "nixos-unstable",
        "repo": "nixpkgs",
        "type": "github"
      }
    },
    "nur": {
      "locked": {
        "lastModified": 1701174900,
        "narHash": "sha256-yGFI0lSPmCdPdLL5g1zam68ODcxAJ+WTwL97+tOy+5Y=",
        "owner": "nix-community",
        "repo": "nur",
        "rev": "fe19b4c06d0996e666887230a01f9018c174529d",
        "type": "github"
      },
      "original": {
        "owner": "nix-community",
        "repo": "nur",
        "type": "github"
      }
    },
    "root": {
      "inputs": {
        "comma": "comma",
        "darwin": "darwin",
        "emacsOverlay": "emacsOverlay",
        "flake-utils": "flake-utils_2",
        "goodbyeAds": "goodbyeAds",
        "homeManager": "homeManager",
        "impermanence": "impermanence",
        "juspay-config": "juspay-config",
        "kmonad": "kmonad",
        "mozilla": "mozilla",
        "neovim": "neovim",
        "ngnk": "ngnk",
        "nix-cl": "nix-cl",
        "nix-index-database": "nix-index-database",
        "nixos-generators": "nixos-generators",
        "nixpkgs": "nixpkgs_9",
        "nur": "nur",
        "sops-nix": "sops-nix",
        "stevenBlack": "stevenBlack"
      }
    },
    "sops-nix": {
      "inputs": {
        "nixpkgs": "nixpkgs_10",
        "nixpkgs-22_05": "nixpkgs-22_05"
      },
      "locked": {
        "lastModified": 1665289655,
        "narHash": "sha256-j1Q9mNBhbzeJykhObiXwEGres9qvP4vH7gxdJ+ihkLI=",
        "owner": "Mic92",
        "repo": "sops-nix",
        "rev": "0ce0449e6404c4ff9d1b7bd657794ae5ca54deb3",
        "type": "github"
      },
      "original": {
        "owner": "Mic92",
        "repo": "sops-nix",
        "type": "github"
      }
    },
    "stevenBlack": {
      "flake": false,
      "locked": {
        "lastModified": 1694983211,
        "narHash": "sha256-StUxxtxxeETwFcGqiWpMX2CIz6o4pXa3qR1kr9Z6/lc=",
        "owner": "StevenBlack",
        "repo": "hosts",
        "rev": "ec5b91622321325dac32fb3152fedeee5f6e6144",
        "type": "github"
      },
      "original": {
        "owner": "StevenBlack",
        "ref": "master",
        "repo": "hosts",
        "type": "github"
      }
    },
    "systems": {
      "locked": {
        "lastModified": 1681028828,
        "narHash": "sha256-Vy1rq5AaRuLzOxct8nz4T6wlgyUR7zLU309k9mBC768=",
        "owner": "nix-systems",
        "repo": "default",
        "rev": "da67096a3b9bf56a91d16901293e51ba5b49a27e",
        "type": "github"
      },
      "original": {
        "owner": "nix-systems",
        "repo": "default",
        "type": "github"
      }
    },
    "systems_2": {
      "locked": {
        "lastModified": 1681028828,
        "narHash": "sha256-Vy1rq5AaRuLzOxct8nz4T6wlgyUR7zLU309k9mBC768=",
        "owner": "nix-systems",
        "repo": "default",
        "rev": "da67096a3b9bf56a91d16901293e51ba5b49a27e",
        "type": "github"
      },
      "original": {
        "owner": "nix-systems",
        "repo": "default",
        "type": "github"
      }
    },
    "systems_3": {
      "locked": {
        "lastModified": 1681028828,
        "narHash": "sha256-Vy1rq5AaRuLzOxct8nz4T6wlgyUR7zLU309k9mBC768=",
        "owner": "nix-systems",
        "repo": "default",
        "rev": "da67096a3b9bf56a91d16901293e51ba5b49a27e",
        "type": "github"
      },
      "original": {
        "owner": "nix-systems",
        "repo": "default",
        "type": "github"
      }
    },
    "utils": {
      "inputs": {
        "systems": "systems"
      },
      "locked": {
        "lastModified": 1689068808,
        "narHash": "sha256-6ixXo3wt24N/melDWjq70UuHQLxGV8jZvooRanIHXw0=",
        "owner": "numtide",
        "repo": "flake-utils",
        "rev": "919d646de7be200f3bf08cb76ae1f09402b6f9b4",
        "type": "github"
      },
      "original": {
        "owner": "numtide",
        "repo": "flake-utils",
        "type": "github"
      }
    }
  },
  "root": "root",
  "version": 7
}
