{
  "nodes": {
    "emacsOverlay": {
      "locked": {
        "lastModified": 1651207615,
        "narHash": "sha256-gHPpE7x4K8SBna8p8UfzQVnJMLFmKK7H+wpqp5kVPhU=",
        "owner": "nix-community",
        "repo": "emacs-overlay",
        "rev": "2d7a5e16c6af228c7f83977e19b7fe4050dc62a1",
        "type": "github"
      },
      "original": {
        "owner": "nix-community",
        "repo": "emacs-overlay",
        "type": "github"
      }
    },
    "flake-compat": {
      "flake": false,
      "locked": {
        "lastModified": 1650374568,
        "narHash": "sha256-Z+s0J8/r907g149rllvwhb4pKi8Wam5ij0st8PwAh+E=",
        "owner": "edolstra",
        "repo": "flake-compat",
        "rev": "b4a34015c698c7793d592d66adbab377907a2be8",
        "type": "github"
      },
      "original": {
        "owner": "edolstra",
        "repo": "flake-compat",
        "type": "github"
      }
    },
    "flake-utils": {
      "locked": {
        "lastModified": 1644229661,
        "narHash": "sha256-1YdnJAsNy69bpcjuoKdOYQX0YxZBiCYZo4Twxerqv7k=",
        "owner": "numtide",
        "repo": "flake-utils",
        "rev": "3cecb5b042f7f209c56ffd8371b2711a290ec797",
        "type": "github"
      },
      "original": {
        "owner": "numtide",
        "repo": "flake-utils",
        "type": "github"
      }
    },
    "homeManager": {
      "inputs": {
        "nixpkgs": [
          "nixpkgs"
        ]
      },
      "locked": {
        "lastModified": 1651007090,
        "narHash": "sha256-C/OoQRzTUOWEr1sd3xTKA2GudA1YG1XB3MlL6KfTchg=",
        "owner": "nix-community",
        "repo": "home-manager",
        "rev": "778af87a981eb2bfa3566dff8c3fb510856329ef",
        "type": "github"
      },
      "original": {
        "owner": "nix-community",
        "repo": "home-manager",
        "type": "github"
      }
    },
    "impermanence": {
      "locked": {
        "lastModified": 1646131459,
        "narHash": "sha256-GPmgxvUFvQ1GmsGfWHy9+rcxWrczeDhS9XnAIPHi9XQ=",
        "owner": "nix-community",
        "repo": "impermanence",
        "rev": "2f39baeb7d039fda5fc8225111bb79474138e6f4",
        "type": "github"
      },
      "original": {
        "owner": "nix-community",
        "repo": "impermanence",
        "type": "github"
      }
    },
    "mozilla": {
      "locked": {
        "lastModified": 1650459918,
        "narHash": "sha256-sroCK+QJTmoXtcRkwZyKOP9iAYOPID2Bwdxn4GkG16w=",
        "owner": "mozilla",
        "repo": "nixpkgs-mozilla",
        "rev": "e1f7540fc0a8b989fb8cf701dc4fd7fc76bcf168",
        "type": "github"
      },
      "original": {
        "owner": "mozilla",
        "repo": "nixpkgs-mozilla",
        "type": "github"
      }
    },
    "neovim": {
      "inputs": {
        "flake-compat": "flake-compat",
        "neovim-flake": "neovim-flake",
        "nixpkgs": [
          "nixpkgs"
        ]
      },
      "locked": {
        "lastModified": 1651134098,
        "narHash": "sha256-ZtZYlLtbjrwBi9tySbQv5nvZGLB/JdLNJxrw77KHM9E=",
        "owner": "nix-community",
        "repo": "neovim-nightly-overlay",
        "rev": "f8da4440735486e194b704c34ad70e1372a6117d",
        "type": "github"
      },
      "original": {
        "owner": "nix-community",
        "repo": "neovim-nightly-overlay",
        "type": "github"
      }
    },
    "neovim-flake": {
      "inputs": {
        "flake-utils": "flake-utils",
        "nixpkgs": [
          "neovim",
          "nixpkgs"
        ]
      },
      "locked": {
        "dir": "contrib",
        "lastModified": 1651074515,
        "narHash": "sha256-BrUxq9x1U4mKlkuNaPV2z4Y4JUt08QBgmEdX1t9pfVc=",
        "owner": "neovim",
        "repo": "neovim",
        "rev": "521e91e1c420bd5c94c35908181dbba81e58dd0f",
        "type": "github"
      },
      "original": {
        "dir": "contrib",
        "owner": "neovim",
        "repo": "neovim",
        "type": "github"
      }
    },
    "nixlib": {
      "locked": {
        "lastModified": 1636849918,
        "narHash": "sha256-nzUK6dPcTmNVrgTAC1EOybSMsrcx+QrVPyqRdyKLkjA=",
        "owner": "nix-community",
        "repo": "nixpkgs.lib",
        "rev": "28a5b0557f14124608db68d3ee1f77e9329e9dd5",
        "type": "github"
      },
      "original": {
        "owner": "nix-community",
        "repo": "nixpkgs.lib",
        "type": "github"
      }
    },
    "nixos-generators": {
      "inputs": {
        "nixlib": "nixlib",
        "nixpkgs": [
          "nixpkgs"
        ]
      },
      "locked": {
        "lastModified": 1650997411,
        "narHash": "sha256-r4a3qsSv5UTtx+pxTUEdOphBkwTx1+AAVog3c457A0M=",
        "owner": "nix-community",
        "repo": "nixos-generators",
        "rev": "3cdf22c79bc80910e2b610cd59fcb8408354ddbc",
        "type": "github"
      },
      "original": {
        "owner": "nix-community",
        "repo": "nixos-generators",
        "type": "github"
      }
    },
    "nixpkgs": {
      "locked": {
        "lastModified": 1651007983,
        "narHash": "sha256-GNay7yDPtLcRcKCNHldug85AhAvBpTtPEJWSSDYBw8U=",
        "owner": "NixOS",
        "repo": "nixpkgs",
        "rev": "e10da1c7f542515b609f8dfbcf788f3d85b14936",
        "type": "github"
      },
      "original": {
        "owner": "NixOS",
        "ref": "nixos-unstable",
        "repo": "nixpkgs",
        "type": "github"
      }
    },
    "nur": {
      "locked": {
        "lastModified": 1651205333,
        "narHash": "sha256-0/OG2NwPdMiIOBmdvtMo7zYBbKfgDXh0Vp9fmnOnQS8=",
        "owner": "nix-community",
        "repo": "nur",
        "rev": "a0a319f8bc83a57de1ed67f9ea665a3089a0a2e3",
        "type": "github"
      },
      "original": {
        "owner": "nix-community",
        "repo": "nur",
        "type": "github"
      }
    },
    "root": {
      "inputs": {
        "emacsOverlay": "emacsOverlay",
        "homeManager": "homeManager",
        "impermanence": "impermanence",
        "mozilla": "mozilla",
        "neovim": "neovim",
        "nixos-generators": "nixos-generators",
        "nixpkgs": "nixpkgs",
        "nur": "nur",
        "sops-nix": "sops-nix"
      }
    },
    "sops-nix": {
      "inputs": {
        "nixpkgs": [
          "nixpkgs"
        ]
      },
      "locked": {
        "lastModified": 1649756291,
        "narHash": "sha256-KTll8bCINAzIUGaaMrbn9wb5nfhkXRLgmFrWGR/Dku0=",
        "owner": "Mic92",
        "repo": "sops-nix",
        "rev": "c2614c4fe61943b3d280ac1892fcebe6e8eaf8c8",
        "type": "github"
      },
      "original": {
        "owner": "Mic92",
        "repo": "sops-nix",
        "type": "github"
      }
    }
  },
  "root": "root",
  "version": 7
}
