{
  "nodes": {
    "emacsOverlay": {
      "locked": {
        "lastModified": 1650859355,
        "narHash": "sha256-p1OGPwJYkehsudHycEp++EdSTwpW1C9kBbz2Uz3paFU=",
        "owner": "nix-community",
        "repo": "emacs-overlay",
        "rev": "ce0571f95210dc4c00a3affb4128012947f9a250",
        "type": "github"
      },
      "original": {
        "owner": "nix-community",
        "repo": "emacs-overlay",
        "type": "github"
      }
    },
    "flake-compat": {
      "flake": false,
      "locked": {
        "lastModified": 1650374568,
        "narHash": "sha256-Z+s0J8/r907g149rllvwhb4pKi8Wam5ij0st8PwAh+E=",
        "owner": "edolstra",
        "repo": "flake-compat",
        "rev": "b4a34015c698c7793d592d66adbab377907a2be8",
        "type": "github"
      },
      "original": {
        "owner": "edolstra",
        "repo": "flake-compat",
        "type": "github"
      }
    },
    "flake-utils": {
      "locked": {
        "lastModified": 1644229661,
        "narHash": "sha256-1YdnJAsNy69bpcjuoKdOYQX0YxZBiCYZo4Twxerqv7k=",
        "owner": "numtide",
        "repo": "flake-utils",
        "rev": "3cecb5b042f7f209c56ffd8371b2711a290ec797",
        "type": "github"
      },
      "original": {
        "owner": "numtide",
        "repo": "flake-utils",
        "type": "github"
      }
    },
    "homeManager": {
      "inputs": {
        "nixpkgs": [
          "nixpkgs"
        ]
      },
      "locked": {
        "lastModified": 1650836336,
        "narHash": "sha256-W9NfDZVSBrmiURX3LUQOp6McJMEqpw6njC1/vtRLp+M=",
        "owner": "nix-community",
        "repo": "home-manager",
        "rev": "09f3e67950823d5abe192e474f1af51914f4cb9a",
        "type": "github"
      },
      "original": {
        "owner": "nix-community",
        "repo": "home-manager",
        "type": "github"
      }
    },
    "impermanence": {
      "locked": {
        "lastModified": 1646131459,
        "narHash": "sha256-GPmgxvUFvQ1GmsGfWHy9+rcxWrczeDhS9XnAIPHi9XQ=",
        "owner": "nix-community",
        "repo": "impermanence",
        "rev": "2f39baeb7d039fda5fc8225111bb79474138e6f4",
        "type": "github"
      },
      "original": {
        "owner": "nix-community",
        "repo": "impermanence",
        "type": "github"
      }
    },
    "mozilla": {
      "locked": {
        "lastModified": 1650459918,
        "narHash": "sha256-sroCK+QJTmoXtcRkwZyKOP9iAYOPID2Bwdxn4GkG16w=",
        "owner": "mozilla",
        "repo": "nixpkgs-mozilla",
        "rev": "e1f7540fc0a8b989fb8cf701dc4fd7fc76bcf168",
        "type": "github"
      },
      "original": {
        "owner": "mozilla",
        "repo": "nixpkgs-mozilla",
        "type": "github"
      }
    },
    "neovim": {
      "inputs": {
        "flake-compat": "flake-compat",
        "neovim-flake": "neovim-flake",
        "nixpkgs": [
          "nixpkgs"
        ]
      },
      "locked": {
        "lastModified": 1650788138,
        "narHash": "sha256-Iot/SCprDCfV8TpZnYd6dSbpwaBlZHDhDz/3Iq+s1j8=",
        "owner": "nix-community",
        "repo": "neovim-nightly-overlay",
        "rev": "59ae20737472f594ab0922a7cd74124fc13cb78a",
        "type": "github"
      },
      "original": {
        "owner": "nix-community",
        "repo": "neovim-nightly-overlay",
        "type": "github"
      }
    },
    "neovim-flake": {
      "inputs": {
        "flake-utils": "flake-utils",
        "nixpkgs": [
          "neovim",
          "nixpkgs"
        ]
      },
      "locked": {
        "dir": "contrib",
        "lastModified": 1650772118,
        "narHash": "sha256-NraNzPwGZGBu6RXirOJQ8932uqsrQ3Qet9GsZF7RJ2E=",
        "owner": "neovim",
        "repo": "neovim",
        "rev": "843d9223a14c599fda1b2abf1e7072be738fb831",
        "type": "github"
      },
      "original": {
        "dir": "contrib",
        "owner": "neovim",
        "repo": "neovim",
        "type": "github"
      }
    },
    "nixlib": {
      "locked": {
        "lastModified": 1636849918,
        "narHash": "sha256-nzUK6dPcTmNVrgTAC1EOybSMsrcx+QrVPyqRdyKLkjA=",
        "owner": "nix-community",
        "repo": "nixpkgs.lib",
        "rev": "28a5b0557f14124608db68d3ee1f77e9329e9dd5",
        "type": "github"
      },
      "original": {
        "owner": "nix-community",
        "repo": "nixpkgs.lib",
        "type": "github"
      }
    },
    "nixos-generators": {
      "inputs": {
        "nixlib": "nixlib",
        "nixpkgs": [
          "nixpkgs"
        ]
      },
      "locked": {
        "lastModified": 1650388175,
        "narHash": "sha256-auVEdcVtIIuBnoygUXedJewfmsf/2gSMwCrAcq/QNhM=",
        "owner": "nix-community",
        "repo": "nixos-generators",
        "rev": "b0326ae4f0761b9b482b8472975b3a8e86940ce2",
        "type": "github"
      },
      "original": {
        "owner": "nix-community",
        "repo": "nixos-generators",
        "type": "github"
      }
    },
    "nixpkgs": {
      "locked": {
        "lastModified": 1650701402,
        "narHash": "sha256-XKfstdtqDg+O+gNBx1yGVKWIhLgfEDg/e2lvJSsp9vU=",
        "owner": "NixOS",
        "repo": "nixpkgs",
        "rev": "bc41b01dd7a9fdffd32d9b03806798797532a5fe",
        "type": "github"
      },
      "original": {
        "owner": "NixOS",
        "ref": "nixos-unstable",
        "repo": "nixpkgs",
        "type": "github"
      }
    },
    "nur": {
      "locked": {
        "lastModified": 1650859564,
        "narHash": "sha256-14ywoVwZn301XBSgIvt8uzYk6p66PSwCSQNd1uj/X+A=",
        "owner": "nix-community",
        "repo": "nur",
        "rev": "1b13850b0c6e66ff230f0720a21696b5a0db6702",
        "type": "github"
      },
      "original": {
        "owner": "nix-community",
        "repo": "nur",
        "type": "github"
      }
    },
    "root": {
      "inputs": {
        "emacsOverlay": "emacsOverlay",
        "homeManager": "homeManager",
        "impermanence": "impermanence",
        "mozilla": "mozilla",
        "neovim": "neovim",
        "nixos-generators": "nixos-generators",
        "nixpkgs": "nixpkgs",
        "nur": "nur",
        "sops-nix": "sops-nix"
      }
    },
    "sops-nix": {
      "inputs": {
        "nixpkgs": [
          "nixpkgs"
        ]
      },
      "locked": {
        "lastModified": 1649756291,
        "narHash": "sha256-KTll8bCINAzIUGaaMrbn9wb5nfhkXRLgmFrWGR/Dku0=",
        "owner": "Mic92",
        "repo": "sops-nix",
        "rev": "c2614c4fe61943b3d280ac1892fcebe6e8eaf8c8",
        "type": "github"
      },
      "original": {
        "owner": "Mic92",
        "repo": "sops-nix",
        "type": "github"
      }
    }
  },
  "root": "root",
  "version": 7
}
